// !$*UTF8*$!
{
	archiveVersion = 1;
	classes = {
	};
	objectVersion = 50;
	objects = {

/* Begin PBXBuildFile section */
		A9A4EFE2214D967A00BA3200 /* AppDelegate.swift in Sources */ = {isa = PBXBuildFile; fileRef = A9A4EFE1214D967A00BA3200 /* AppDelegate.swift */; };
		A9A4EFE4214D967A00BA3200 /* ViewController.swift in Sources */ = {isa = PBXBuildFile; fileRef = A9A4EFE3214D967A00BA3200 /* ViewController.swift */; };
		A9A4EFE7214D967A00BA3200 /* Main.storyboard in Resources */ = {isa = PBXBuildFile; fileRef = A9A4EFE5214D967A00BA3200 /* Main.storyboard */; };
		A9A4EFE9214D967C00BA3200 /* Assets.xcassets in Resources */ = {isa = PBXBuildFile; fileRef = A9A4EFE8214D967C00BA3200 /* Assets.xcassets */; };
		A9A4EFEC214D967C00BA3200 /* LaunchScreen.storyboard in Resources */ = {isa = PBXBuildFile; fileRef = A9A4EFEA214D967C00BA3200 /* LaunchScreen.storyboard */; };
		A9A4EFF6214DA3F000BA3200 /* CalcViewController.swift in Sources */ = {isa = PBXBuildFile; fileRef = A9A4EFF5214DA3F000BA3200 /* CalcViewController.swift */; };
		EFB64B3F8E9076575FFBE43A /* Pods_LedConvert.framework in Frameworks */ = {isa = PBXBuildFile; fileRef = 7E9706E375A0E3099933926B /* Pods_LedConvert.framework */; };
/* End PBXBuildFile section */

/* Begin PBXFileReference section */
		127A4FF592B3562F9990FD5C /* Pods-LedConvert.release.xcconfig */ = {isa = PBXFileReference; includeInIndex = 1; lastKnownFileType = text.xcconfig; name = "Pods-LedConvert.release.xcconfig"; path = "Pods/Target Support Files/Pods-LedConvert/Pods-LedConvert.release.xcconfig"; sourceTree = "<group>"; };
		29A895CFF3828578CFE017F5 /* Pods-LedConvert.debug.xcconfig */ = {isa = PBXFileReference; includeInIndex = 1; lastKnownFileType = text.xcconfig; name = "Pods-LedConvert.debug.xcconfig"; path = "Pods/Target Support Files/Pods-LedConvert/Pods-LedConvert.debug.xcconfig"; sourceTree = "<group>"; };
		7E9706E375A0E3099933926B /* Pods_LedConvert.framework */ = {isa = PBXFileReference; explicitFileType = wrapper.framework; includeInIndex = 0; path = Pods_LedConvert.framework; sourceTree = BUILT_PRODUCTS_DIR; };
		A9A4EFDE214D967A00BA3200 /* LedConvert.app */ = {isa = PBXFileReference; explicitFileType = wrapper.application; includeInIndex = 0; path = LedConvert.app; sourceTree = BUILT_PRODUCTS_DIR; };
		A9A4EFE1214D967A00BA3200 /* AppDelegate.swift */ = {isa = PBXFileReference; lastKnownFileType = sourcecode.swift; path = AppDelegate.swift; sourceTree = "<group>"; };
		A9A4EFE3214D967A00BA3200 /* ViewController.swift */ = {isa = PBXFileReference; lastKnownFileType = sourcecode.swift; path = ViewController.swift; sourceTree = "<group>"; };
		A9A4EFE6214D967A00BA3200 /* Base */ = {isa = PBXFileReference; lastKnownFileType = file.storyboard; name = Base; path = Base.lproj/Main.storyboard; sourceTree = "<group>"; };
		A9A4EFE8214D967C00BA3200 /* Assets.xcassets */ = {isa = PBXFileReference; lastKnownFileType = folder.assetcatalog; path = Assets.xcassets; sourceTree = "<group>"; };
		A9A4EFEB214D967C00BA3200 /* Base */ = {isa = PBXFileReference; lastKnownFileType = file.storyboard; name = Base; path = Base.lproj/LaunchScreen.storyboard; sourceTree = "<group>"; };
		A9A4EFED214D967C00BA3200 /* Info.plist */ = {isa = PBXFileReference; lastKnownFileType = text.plist.xml; path = Info.plist; sourceTree = "<group>"; };
		A9A4EFF5214DA3F000BA3200 /* CalcViewController.swift */ = {isa = PBXFileReference; lastKnownFileType = sourcecode.swift; path = CalcViewController.swift; sourceTree = "<group>"; };
/* End PBXFileReference section */

/* Begin PBXFrameworksBuildPhase section */
		A9A4EFDB214D967A00BA3200 /* Frameworks */ = {
			isa = PBXFrameworksBuildPhase;
			buildActionMask = 2147483647;
			files = (
				EFB64B3F8E9076575FFBE43A /* Pods_LedConvert.framework in Frameworks */,
			);
			runOnlyForDeploymentPostprocessing = 0;
		};
/* End PBXFrameworksBuildPhase section */

/* Begin PBXGroup section */
		079D5B76936805DD0CBB2FC2 /* Pods */ = {
			isa = PBXGroup;
			children = (
				29A895CFF3828578CFE017F5 /* Pods-LedConvert.debug.xcconfig */,
				127A4FF592B3562F9990FD5C /* Pods-LedConvert.release.xcconfig */,
			);
			name = Pods;
			sourceTree = "<group>";
		};
		08D9D987764925CB2211D55D /* Frameworks */ = {
			isa = PBXGroup;
			children = (
				7E9706E375A0E3099933926B /* Pods_LedConvert.framework */,
			);
			name = Frameworks;
			sourceTree = "<group>";
		};
		A9A4EFD5214D967A00BA3200 = {
			isa = PBXGroup;
			children = (
				A9A4EFE0214D967A00BA3200 /* LedConvert */,
				A9A4EFDF214D967A00BA3200 /* Products */,
				079D5B76936805DD0CBB2FC2 /* Pods */,
				08D9D987764925CB2211D55D /* Frameworks */,
			);
			sourceTree = "<group>";
		};
		A9A4EFDF214D967A00BA3200 /* Products */ = {
			isa = PBXGroup;
			children = (
				A9A4EFDE214D967A00BA3200 /* LedConvert.app */,
			);
			name = Products;
			sourceTree = "<group>";
		};
		A9A4EFE0214D967A00BA3200 /* LedConvert */ = {
			isa = PBXGroup;
			children = (
				A9A4EFE1214D967A00BA3200 /* AppDelegate.swift */,
				A9A4EFE3214D967A00BA3200 /* ViewController.swift */,
				A9A4EFF5214DA3F000BA3200 /* CalcViewController.swift */,
				A9A4EFE5214D967A00BA3200 /* Main.storyboard */,
				A9A4EFEA214D967C00BA3200 /* LaunchScreen.storyboard */,
				A9A4EFE8214D967C00BA3200 /* Assets.xcassets */,
				A9A4EFED214D967C00BA3200 /* Info.plist */,
			);
			path = LedConvert;
			sourceTree = "<group>";
		};
/* End PBXGroup section */

/* Begin PBXNativeTarget section */
		A9A4EFDD214D967A00BA3200 /* LedConvert */ = {
			isa = PBXNativeTarget;
			buildConfigurationList = A9A4EFF0214D967C00BA3200 /* Build configuration list for PBXNativeTarget "LedConvert" */;
			buildPhases = (
				084BFDD22CCB0AAECD89C438 /* [CP] Check Pods Manifest.lock */,
				A9A4EFDA214D967A00BA3200 /* Sources */,
				A9A4EFDB214D967A00BA3200 /* Frameworks */,
				A9A4EFDC214D967A00BA3200 /* Resources */,
				D280756012307FFB39A4744B /* [CP] Embed Pods Frameworks */,
			);
			buildRules = (
			);
			dependencies = (
			);
			name = LedConvert;
			productName = LedConvert;
			productReference = A9A4EFDE214D967A00BA3200 /* LedConvert.app */;
			productType = "com.apple.product-type.application";
		};
/* End PBXNativeTarget section */

/* Begin PBXProject section */
		A9A4EFD6214D967A00BA3200 /* Project object */ = {
			isa = PBXProject;
			attributes = {
				LastSwiftUpdateCheck = 1000;
				LastUpgradeCheck = 1000;
				ORGANIZATIONNAME = Vikings;
				TargetAttributes = {
					A9A4EFDD214D967A00BA3200 = {
						CreatedOnToolsVersion = 10.0;
					};
				};
			};
			buildConfigurationList = A9A4EFD9214D967A00BA3200 /* Build configuration list for PBXProject "LedConvert" */;
			compatibilityVersion = "Xcode 9.3";
			developmentRegion = en;
			hasScannedForEncodings = 0;
			knownRegions = (
				en,
				Base,
			);
			mainGroup = A9A4EFD5214D967A00BA3200;
			productRefGroup = A9A4EFDF214D967A00BA3200 /* Products */;
			projectDirPath = "";
			projectRoot = "";
			targets = (
				A9A4EFDD214D967A00BA3200 /* LedConvert */,
			);
		};
/* End PBXProject section */

/* Begin PBXResourcesBuildPhase section */
		A9A4EFDC214D967A00BA3200 /* Resources */ = {
			isa = PBXResourcesBuildPhase;
			buildActionMask = 2147483647;
			files = (
				A9A4EFEC214D967C00BA3200 /* LaunchScreen.storyboard in Resources */,
				A9A4EFE9214D967C00BA3200 /* Assets.xcassets in Resources */,
				A9A4EFE7214D967A00BA3200 /* Main.storyboard in Resources */,
			);
			runOnlyForDeploymentPostprocessing = 0;
		};
/* End PBXResourcesBuildPhase section */

/* Begin PBXShellScriptBuildPhase section */
		084BFDD22CCB0AAECD89C438 /* [CP] Check Pods Manifest.lock */ = {
			isa = PBXShellScriptBuildPhase;
			buildActionMask = 2147483647;
			files = (
			);
			inputPaths = (
				"${PODS_PODFILE_DIR_PATH}/Podfile.lock",
				"${PODS_ROOT}/Manifest.lock",
			);
			name = "[CP] Check Pods Manifest.lock";
			outputPaths = (
				"$(DERIVED_FILE_DIR)/Pods-LedConvert-checkManifestLockResult.txt",
			);
			runOnlyForDeploymentPostprocessing = 0;
			shellPath = /bin/sh;
			shellScript = "diff \"${PODS_PODFILE_DIR_PATH}/Podfile.lock\" \"${PODS_ROOT}/Manifest.lock\" > /dev/null\nif [ $? != 0 ] ; then\n    # print error to STDERR\n    echo \"error: The sandbox is not in sync with the Podfile.lock. Run 'pod install' or update your CocoaPods installation.\" >&2\n    exit 1\nfi\n# This output is used by Xcode 'outputs' to avoid re-running this script phase.\necho \"SUCCESS\" > \"${SCRIPT_OUTPUT_FILE_0}\"\n";
			showEnvVarsInLog = 0;
		};
		D280756012307FFB39A4744B /* [CP] Embed Pods Frameworks */ = {
			isa = PBXShellScriptBuildPhase;
			buildActionMask = 2147483647;
			files = (
			);
			inputPaths = (
				"${SRCROOT}/Pods/Target Support Files/Pods-LedConvert/Pods-LedConvert-frameworks.sh",
				"${BUILT_PRODUCTS_DIR}/Eureka/Eureka.framework",
			);
			name = "[CP] Embed Pods Frameworks";
			outputPaths = (
				"${TARGET_BUILD_DIR}/${FRAMEWORKS_FOLDER_PATH}/Eureka.framework",
			);
			runOnlyForDeploymentPostprocessing = 0;
			shellPath = /bin/sh;
			shellScript = "\"${SRCROOT}/Pods/Target Support Files/Pods-LedConvert/Pods-LedConvert-frameworks.sh\"\n";
			showEnvVarsInLog = 0;
		};
/* End PBXShellScriptBuildPhase section */

/* Begin PBXSourcesBuildPhase section */
		A9A4EFDA214D967A00BA3200 /* Sources */ = {
			isa = PBXSourcesBuildPhase;
			buildActionMask = 2147483647;
			files = (
				A9A4EFE4214D967A00BA3200 /* ViewController.swift in Sources */,
				A9A4EFF6214DA3F000BA3200 /* CalcViewController.swift in Sources */,
				A9A4EFE2214D967A00BA3200 /* AppDelegate.swift in Sources */,
			);
			runOnlyForDeploymentPostprocessing = 0;
		};
/* End PBXSourcesBuildPhase section */

/* Begin PBXVariantGroup section */
		A9A4EFE5214D967A00BA3200 /* Main.storyboard */ = {
			isa = PBXVariantGroup;
			children = (
				A9A4EFE6214D967A00BA3200 /* Base */,
			);
			name = Main.storyboard;
			sourceTree = "<group>";
		};
		A9A4EFEA214D967C00BA3200 /* LaunchScreen.storyboard */ = {
			isa = PBXVariantGroup;
			children = (
				A9A4EFEB214D967C00BA3200 /* Base */,
			);
			name = LaunchScreen.storyboard;
			sourceTree = "<group>";
		};
/* End PBXVariantGroup section */

/* Begin XCBuildConfiguration section */
		A9A4EFEE214D967C00BA3200 /* Debug */ = {
			isa = XCBuildConfiguration;
			buildSettings = {
				ALWAYS_SEARCH_USER_PATHS = NO;
				CLANG_ANALYZER_NONNULL = YES;
				CLANG_ANALYZER_NUMBER_OBJECT_CONVERSION = YES_AGGRESSIVE;
				CLANG_CXX_LANGUAGE_STANDARD = "gnu++14";
				CLANG_CXX_LIBRARY = "libc++";
				CLANG_ENABLE_MODULES = YES;
				CLANG_ENABLE_OBJC_ARC = YES;
				CLANG_ENABLE_OBJC_WEAK = YES;
				CLANG_WARN_BLOCK_CAPTURE_AUTORELEASING = YES;
				CLANG_WARN_BOOL_CONVERSION = YES;
				CLANG_WARN_COMMA = YES;
				CLANG_WARN_CONSTANT_CONVERSION = YES;
				CLANG_WARN_DEPRECATED_OBJC_IMPLEMENTATIONS = YES;
				CLANG_WARN_DIRECT_OBJC_ISA_USAGE = YES_ERROR;
				CLANG_WARN_DOCUMENTATION_COMMENTS = YES;
				CLANG_WARN_EMPTY_BODY = YES;
				CLANG_WARN_ENUM_CONVERSION = YES;
				CLANG_WARN_INFINITE_RECURSION = YES;
				CLANG_WARN_INT_CONVERSION = YES;
				CLANG_WARN_NON_LITERAL_NULL_CONVERSION = YES;
				CLANG_WARN_OBJC_IMPLICIT_RETAIN_SELF = YES;
				CLANG_WARN_OBJC_LITERAL_CONVERSION = YES;
				CLANG_WARN_OBJC_ROOT_CLASS = YES_ERROR;
				CLANG_WARN_RANGE_LOOP_ANALYSIS = YES;
				CLANG_WARN_STRICT_PROTOTYPES = YES;
				CLANG_WARN_SUSPICIOUS_MOVE = YES;
				CLANG_WARN_UNGUARDED_AVAILABILITY = YES_AGGRESSIVE;
				CLANG_WARN_UNREACHABLE_CODE = YES;
				CLANG_WARN__DUPLICATE_METHOD_MATCH = YES;
				CODE_SIGN_IDENTITY = "iPhone Developer";
				COPY_PHASE_STRIP = NO;
				DEBUG_INFORMATION_FORMAT = dwarf;
				ENABLE_STRICT_OBJC_MSGSEND = YES;
				ENABLE_TESTABILITY = YES;
				GCC_C_LANGUAGE_STANDARD = gnu11;
				GCC_DYNAMIC_NO_PIC = NO;
				GCC_NO_COMMON_BLOCKS = YES;
				GCC_OPTIMIZATION_LEVEL = 0;
				GCC_PREPROCESSOR_DEFINITIONS = (
					"DEBUG=1",
					"$(inherited)",
				);
				GCC_WARN_64_TO_32_BIT_CONVERSION = YES;
				GCC_WARN_ABOUT_RETURN_TYPE = YES_ERROR;
				GCC_WARN_UNDECLARED_SELECTOR = YES;
				GCC_WARN_UNINITIALIZED_AUTOS = YES_AGGRESSIVE;
				GCC_WARN_UNUSED_FUNCTION = YES;
				GCC_WARN_UNUSED_VARIABLE = YES;
				IPHONEOS_DEPLOYMENT_TARGET = 12.0;
				MTL_ENABLE_DEBUG_INFO = INCLUDE_SOURCE;
				MTL_FAST_MATH = YES;
				ONLY_ACTIVE_ARCH = YES;
				SDKROOT = iphoneos;
				SWIFT_ACTIVE_COMPILATION_CONDITIONS = DEBUG;
				SWIFT_OPTIMIZATION_LEVEL = "-Onone";
			};
			name = Debug;
		};
		A9A4EFEF214D967C00BA3200 /* Release */ = {
			isa = XCBuildConfiguration;
			buildSettings = {
				ALWAYS_SEARCH_USER_PATHS = NO;
				CLANG_ANALYZER_NONNULL = YES;
				CLANG_ANALYZER_NUMBER_OBJECT_CONVERSION = YES_AGGRESSIVE;
				CLANG_CXX_LANGUAGE_STANDARD = "gnu++14";
				CLANG_CXX_LIBRARY = "libc++";
				CLANG_ENABLE_MODULES = YES;
				CLANG_ENABLE_OBJC_ARC = YES;
				CLANG_ENABLE_OBJC_WEAK = YES;
				CLANG_WARN_BLOCK_CAPTURE_AUTORELEASING = YES;
				CLANG_WARN_BOOL_CONVERSION = YES;
				CLANG_WARN_COMMA = YES;
				CLANG_WARN_CONSTANT_CONVERSION = YES;
				CLANG_WARN_DEPRECATED_OBJC_IMPLEMENTATIONS = YES;
				CLANG_WARN_DIRECT_OBJC_ISA_USAGE = YES_ERROR;
				CLANG_WARN_DOCUMENTATION_COMMENTS = YES;
				CLANG_WARN_EMPTY_BODY = YES;
				CLANG_WARN_ENUM_CONVERSION = YES;
				CLANG_WARN_INFINITE_RECURSION = YES;
				CLANG_WARN_INT_CONVERSION = YES;
				CLANG_WARN_NON_LITERAL_NULL_CONVERSION = YES;
				CLANG_WARN_OBJC_IMPLICIT_RETAIN_SELF = YES;
				CLANG_WARN_OBJC_LITERAL_CONVERSION = YES;
				CLANG_WARN_OBJC_ROOT_CLASS = YES_ERROR;
				CLANG_WARN_RANGE_LOOP_ANALYSIS = YES;
				CLANG_WARN_STRICT_PROTOTYPES = YES;
				CLANG_WARN_SUSPICIOUS_MOVE = YES;
				CLANG_WARN_UNGUARDED_AVAILABILITY = YES_AGGRESSIVE;
				CLANG_WARN_UNREACHABLE_CODE = YES;
				CLANG_WARN__DUPLICATE_METHOD_MATCH = YES;
				CODE_SIGN_IDENTITY = "iPhone Developer";
				COPY_PHASE_STRIP = NO;
				DEBUG_INFORMATION_FORMAT = "dwarf-with-dsym";
				ENABLE_NS_ASSERTIONS = NO;
				ENABLE_STRICT_OBJC_MSGSEND = YES;
				GCC_C_LANGUAGE_STANDARD = gnu11;
				GCC_NO_COMMON_BLOCKS = YES;
				GCC_WARN_64_TO_32_BIT_CONVERSION = YES;
				GCC_WARN_ABOUT_RETURN_TYPE = YES_ERROR;
				GCC_WARN_UNDECLARED_SELECTOR = YES;
				GCC_WARN_UNINITIALIZED_AUTOS = YES_AGGRESSIVE;
				GCC_WARN_UNUSED_FUNCTION = YES;
				GCC_WARN_UNUSED_VARIABLE = YES;
				IPHONEOS_DEPLOYMENT_TARGET = 12.0;
				MTL_ENABLE_DEBUG_INFO = NO;
				MTL_FAST_MATH = YES;
				SDKROOT = iphoneos;
				SWIFT_COMPILATION_MODE = wholemodule;
				SWIFT_OPTIMIZATION_LEVEL = "-O";
				VALIDATE_PRODUCT = YES;
			};
			name = Release;
		};
		A9A4EFF1214D967C00BA3200 /* Debug */ = {
			isa = XCBuildConfiguration;
			baseConfigurationReference = 29A895CFF3828578CFE017F5 /* Pods-LedConvert.debug.xcconfig */;
			buildSettings = {
				ASSETCATALOG_COMPILER_APPICON_NAME = AppIcon;
				CODE_SIGN_STYLE = Manual;
				DEVELOPMENT_TEAM = 6DPCW8B9YK;
				INFOPLIST_FILE = LedConvert/Info.plist;
				IPHONEOS_DEPLOYMENT_TARGET = 11.0;
				LD_RUNPATH_SEARCH_PATHS = (
					"$(inherited)",
					"@executable_path/Frameworks",
				);
				PRODUCT_BUNDLE_IDENTIFIER = vikings.EnergyCost;
				PRODUCT_NAME = "$(TARGET_NAME)";
				PROVISIONING_PROFILE_SPECIFIER = 1b2da5224189150d793a6f40ec77c83321924c8e;
				SWIFT_VERSION = 4.0;
				TARGETED_DEVICE_FAMILY = "1,2";
			};
			name = Debug;
		};
		A9A4EFF2214D967C00BA3200 /* Release */ = {
			isa = XCBuildConfiguration;
			baseConfigurationReference = 127A4FF592B3562F9990FD5C /* Pods-LedConvert.release.xcconfig */;
			buildSettings = {
				ASSETCATALOG_COMPILER_APPICON_NAME = AppIcon;
				CODE_SIGN_STYLE = Manual;
				DEVELOPMENT_TEAM = 6DPCW8B9YK;
				INFOPLIST_FILE = LedConvert/Info.plist;
				IPHONEOS_DEPLOYMENT_TARGET = 11.0;
				LD_RUNPATH_SEARCH_PATHS = (
					"$(inherited)",
					"@executable_path/Frameworks",
				);
				PRODUCT_BUNDLE_IDENTIFIER = vikings.EnergyCost;
				PRODUCT_NAME = "$(TARGET_NAME)";
				PROVISIONING_PROFILE_SPECIFIER = 1b2da5224189150d793a6f40ec77c83321924c8e;
				SWIFT_VERSION = 4.0;
				TARGETED_DEVICE_FAMILY = "1,2";
			};
			name = Release;
		};
/* End XCBuildConfiguration section */

/* Begin XCConfigurationList section */
		A9A4EFD9214D967A00BA3200 /* Build configuration list for PBXProject "LedConvert" */ = {
			isa = XCConfigurationList;
			buildConfigurations = (
				A9A4EFEE214D967C00BA3200 /* Debug */,
				A9A4EFEF214D967C00BA3200 /* Release */,
			);
			defaultConfigurationIsVisible = 0;
			defaultConfigurationName = Release;
		};
		A9A4EFF0214D967C00BA3200 /* Build configuration list for PBXNativeTarget "LedConvert" */ = {
			isa = XCConfigurationList;
			buildConfigurations = (
				A9A4EFF1214D967C00BA3200 /* Debug */,
				A9A4EFF2214D967C00BA3200 /* Release */,
			);
			defaultConfigurationIsVisible = 0;
			defaultConfigurationName = Release;
		};
/* End XCConfigurationList section */
	};
	rootObject = A9A4EFD6214D967A00BA3200 /* Project object */;
}
